
Microsoft Visual Studio Solution File, Format Version 12.00
# Visual Studio Version 16
VisualStudioVersion = 16.0.31829.152
MinimumVisualStudioVersion = 10.0.40219.1
Project("{FAE04EC0-301F-11D3-BF4B-00C04F79EFBC}") = "BankAPI", "BankAPI\BankAPI.csproj", "{1141993F-72F0-4B6D-B657-AE861C1A5B5A}"
EndProject
Global
	GlobalSection(SolutionConfigurationPlatforms) = preSolution
		Debug|Any CPU = Debug|Any CPU
		Release|Any CPU = Release|Any CPU
	EndGlobalSection
	GlobalSection(ProjectConfigurationPlatforms) = postSolution
		{1141993F-72F0-4B6D-B657-AE861C1A5B5A}.Debug|Any CPU.ActiveCfg = Debug|Any CPU
		{1141993F-72F0-4B6D-B657-AE861C1A5B5A}.Debug|Any CPU.Build.0 = Debug|Any CPU
		{1141993F-72F0-4B6D-B657-AE861C1A5B5A}.Release|Any CPU.ActiveCfg = Release|Any CPU
		{1141993F-72F0-4B6D-B657-AE861C1A5B5A}.Release|Any CPU.Build.0 = Release|Any CPU
	EndGlobalSection
	GlobalSection(SolutionProperties) = preSolution
		HideSolutionNode = FALSE
	EndGlobalSection
	GlobalSection(ExtensibilityGlobals) = postSolution
		SolutionGuid = {6E84270D-D698-4825-98B5-4517886FC8EC}
	EndGlobalSection
EndGlobal
